// !$*UTF8*$!
{
	archiveVersion = 1;
	classes = {
	};
	objectVersion = 50;
	objects = {

/* Begin PBXBuildFile section */
		8D99B4B9837206A97B5B2E9A /* libPods-SkRequestNetwork.a in Frameworks */ = {isa = PBXBuildFile; fileRef = 59B2EBC765EAC5E6508344C2 /* libPods-SkRequestNetwork.a */; };
		CECD1117222FC51600A454EC /* AppDelegate.m in Sources */ = {isa = PBXBuildFile; fileRef = CECD1116222FC51600A454EC /* AppDelegate.m */; };
		CECD111A222FC51600A454EC /* ViewController.m in Sources */ = {isa = PBXBuildFile; fileRef = CECD1119222FC51600A454EC /* ViewController.m */; };
		CECD111D222FC51600A454EC /* Main.storyboard in Resources */ = {isa = PBXBuildFile; fileRef = CECD111B222FC51600A454EC /* Main.storyboard */; };
		CECD111F222FC51900A454EC /* Assets.xcassets in Resources */ = {isa = PBXBuildFile; fileRef = CECD111E222FC51900A454EC /* Assets.xcassets */; };
		CECD1122222FC51900A454EC /* LaunchScreen.storyboard in Resources */ = {isa = PBXBuildFile; fileRef = CECD1120222FC51900A454EC /* LaunchScreen.storyboard */; };
		CECD1125222FC51900A454EC /* main.m in Sources */ = {isa = PBXBuildFile; fileRef = CECD1124222FC51900A454EC /* main.m */; };
		CECD112F222FC51900A454EC /* SkRequestNetworkTests.m in Sources */ = {isa = PBXBuildFile; fileRef = CECD112E222FC51900A454EC /* SkRequestNetworkTests.m */; };
		CECD1179222FC52500A454EC /* NetworkResponseSerializer.m in Sources */ = {isa = PBXBuildFile; fileRef = CECD113A222FC52400A454EC /* NetworkResponseSerializer.m */; };
		CECD117A222FC52500A454EC /* NetworkAction.m in Sources */ = {isa = PBXBuildFile; fileRef = CECD113B222FC52400A454EC /* NetworkAction.m */; };
		CECD117B222FC52500A454EC /* NetworkConfig.m in Sources */ = {isa = PBXBuildFile; fileRef = CECD113D222FC52400A454EC /* NetworkConfig.m */; };
		CECD117C222FC52500A454EC /* NetworkEngine.m in Sources */ = {isa = PBXBuildFile; fileRef = CECD113E222FC52400A454EC /* NetworkEngine.m */; };
		CECD1182222FC52500A454EC /* NetworkAction+RequestCancel.m in Sources */ = {isa = PBXBuildFile; fileRef = CECD114C222FC52500A454EC /* NetworkAction+RequestCancel.m */; };
		CECD1183222FC52500A454EC /* NSURLSessionTask+AddURLProperty.m in Sources */ = {isa = PBXBuildFile; fileRef = CECD114D222FC52500A454EC /* NSURLSessionTask+AddURLProperty.m */; };
		CECD1184222FC52500A454EC /* NetworkSessionManager.m in Sources */ = {isa = PBXBuildFile; fileRef = CECD114F222FC52500A454EC /* NetworkSessionManager.m */; };
		CED583852230B9DF004A50F8 /* NSString+JSON.m in Sources */ = {isa = PBXBuildFile; fileRef = CED583842230B9DF004A50F8 /* NSString+JSON.m */; };
		CED583882230BCD7004A50F8 /* NSDictionary+LogProperty.m in Sources */ = {isa = PBXBuildFile; fileRef = CED583872230BCD7004A50F8 /* NSDictionary+LogProperty.m */; };
		CED5838B2230C7E1004A50F8 /* LogProperty.plist in Resources */ = {isa = PBXBuildFile; fileRef = CED5838A2230C7E1004A50F8 /* LogProperty.plist */; };
		CED5838D2230C802004A50F8 /* JsonChangePlist in Resources */ = {isa = PBXBuildFile; fileRef = CED5838C2230C802004A50F8 /* JsonChangePlist */; };
/* End PBXBuildFile section */

/* Begin PBXContainerItemProxy section */
		CECD112B222FC51900A454EC /* PBXContainerItemProxy */ = {
			isa = PBXContainerItemProxy;
			containerPortal = CECD110A222FC51600A454EC /* Project object */;
			proxyType = 1;
			remoteGlobalIDString = CECD1111222FC51600A454EC;
			remoteInfo = SkRequestNetwork;
		};
/* End PBXContainerItemProxy section */

/* Begin PBXFileReference section */
		1B86F5A0806595DF09CC13E2 /* Pods-SkRequestNetwork.debug.xcconfig */ = {isa = PBXFileReference; includeInIndex = 1; lastKnownFileType = text.xcconfig; name = "Pods-SkRequestNetwork.debug.xcconfig"; path = "Target Support Files/Pods-SkRequestNetwork/Pods-SkRequestNetwork.debug.xcconfig"; sourceTree = "<group>"; };
		59B2EBC765EAC5E6508344C2 /* libPods-SkRequestNetwork.a */ = {isa = PBXFileReference; explicitFileType = archive.ar; includeInIndex = 0; path = "libPods-SkRequestNetwork.a"; sourceTree = BUILT_PRODUCTS_DIR; };
		CECD1112222FC51600A454EC /* SkRequestNetwork.app */ = {isa = PBXFileReference; explicitFileType = wrapper.application; includeInIndex = 0; path = SkRequestNetwork.app; sourceTree = BUILT_PRODUCTS_DIR; };
		CECD1115222FC51600A454EC /* AppDelegate.h */ = {isa = PBXFileReference; lastKnownFileType = sourcecode.c.h; path = AppDelegate.h; sourceTree = "<group>"; };
		CECD1116222FC51600A454EC /* AppDelegate.m */ = {isa = PBXFileReference; lastKnownFileType = sourcecode.c.objc; path = AppDelegate.m; sourceTree = "<group>"; };
		CECD1118222FC51600A454EC /* ViewController.h */ = {isa = PBXFileReference; lastKnownFileType = sourcecode.c.h; path = ViewController.h; sourceTree = "<group>"; };
		CECD1119222FC51600A454EC /* ViewController.m */ = {isa = PBXFileReference; lastKnownFileType = sourcecode.c.objc; path = ViewController.m; sourceTree = "<group>"; };
		CECD111C222FC51600A454EC /* Base */ = {isa = PBXFileReference; lastKnownFileType = file.storyboard; name = Base; path = Base.lproj/Main.storyboard; sourceTree = "<group>"; };
		CECD111E222FC51900A454EC /* Assets.xcassets */ = {isa = PBXFileReference; lastKnownFileType = folder.assetcatalog; path = Assets.xcassets; sourceTree = "<group>"; };
		CECD1121222FC51900A454EC /* Base */ = {isa = PBXFileReference; lastKnownFileType = file.storyboard; name = Base; path = Base.lproj/LaunchScreen.storyboard; sourceTree = "<group>"; };
		CECD1123222FC51900A454EC /* Info.plist */ = {isa = PBXFileReference; lastKnownFileType = text.plist.xml; path = Info.plist; sourceTree = "<group>"; };
		CECD1124222FC51900A454EC /* main.m */ = {isa = PBXFileReference; lastKnownFileType = sourcecode.c.objc; path = main.m; sourceTree = "<group>"; };
		CECD112A222FC51900A454EC /* SkRequestNetworkTests.xctest */ = {isa = PBXFileReference; explicitFileType = wrapper.cfbundle; includeInIndex = 0; path = SkRequestNetworkTests.xctest; sourceTree = BUILT_PRODUCTS_DIR; };
		CECD112E222FC51900A454EC /* SkRequestNetworkTests.m */ = {isa = PBXFileReference; lastKnownFileType = sourcecode.c.objc; path = SkRequestNetworkTests.m; sourceTree = "<group>"; };
		CECD1130222FC51900A454EC /* Info.plist */ = {isa = PBXFileReference; lastKnownFileType = text.plist.xml; path = Info.plist; sourceTree = "<group>"; };
		CECD113A222FC52400A454EC /* NetworkResponseSerializer.m */ = {isa = PBXFileReference; fileEncoding = 4; lastKnownFileType = sourcecode.c.objc; path = NetworkResponseSerializer.m; sourceTree = "<group>"; };
		CECD113B222FC52400A454EC /* NetworkAction.m */ = {isa = PBXFileReference; fileEncoding = 4; lastKnownFileType = sourcecode.c.objc; path = NetworkAction.m; sourceTree = "<group>"; };
		CECD113C222FC52400A454EC /* NetworkSessionManager.h */ = {isa = PBXFileReference; fileEncoding = 4; lastKnownFileType = sourcecode.c.h; path = NetworkSessionManager.h; sourceTree = "<group>"; };
		CECD113D222FC52400A454EC /* NetworkConfig.m */ = {isa = PBXFileReference; fileEncoding = 4; lastKnownFileType = sourcecode.c.objc; path = NetworkConfig.m; sourceTree = "<group>"; };
		CECD113E222FC52400A454EC /* NetworkEngine.m */ = {isa = PBXFileReference; fileEncoding = 4; lastKnownFileType = sourcecode.c.objc; path = NetworkEngine.m; sourceTree = "<group>"; };
		CECD114B222FC52400A454EC /* NSURLSessionTask+AddURLProperty.h */ = {isa = PBXFileReference; fileEncoding = 4; lastKnownFileType = sourcecode.c.h; path = "NSURLSessionTask+AddURLProperty.h"; sourceTree = "<group>"; };
		CECD114C222FC52500A454EC /* NetworkAction+RequestCancel.m */ = {isa = PBXFileReference; fileEncoding = 4; lastKnownFileType = sourcecode.c.objc; path = "NetworkAction+RequestCancel.m"; sourceTree = "<group>"; };
		CECD114D222FC52500A454EC /* NSURLSessionTask+AddURLProperty.m */ = {isa = PBXFileReference; fileEncoding = 4; lastKnownFileType = sourcecode.c.objc; path = "NSURLSessionTask+AddURLProperty.m"; sourceTree = "<group>"; };
		CECD114E222FC52500A454EC /* NetworkAction+RequestCancel.h */ = {isa = PBXFileReference; fileEncoding = 4; lastKnownFileType = sourcecode.c.h; path = "NetworkAction+RequestCancel.h"; sourceTree = "<group>"; };
		CECD114F222FC52500A454EC /* NetworkSessionManager.m */ = {isa = PBXFileReference; fileEncoding = 4; lastKnownFileType = sourcecode.c.objc; path = NetworkSessionManager.m; sourceTree = "<group>"; };
		CECD1150222FC52500A454EC /* NetworkAction.h */ = {isa = PBXFileReference; fileEncoding = 4; lastKnownFileType = sourcecode.c.h; path = NetworkAction.h; sourceTree = "<group>"; };
		CECD1151222FC52500A454EC /* NetworkResponseSerializer.h */ = {isa = PBXFileReference; fileEncoding = 4; lastKnownFileType = sourcecode.c.h; path = NetworkResponseSerializer.h; sourceTree = "<group>"; };
		CECD1176222FC52500A454EC /* SBNetworkHeader.h */ = {isa = PBXFileReference; fileEncoding = 4; lastKnownFileType = sourcecode.c.h; path = SBNetworkHeader.h; sourceTree = "<group>"; };
		CECD1177222FC52500A454EC /* NetworkConfig.h */ = {isa = PBXFileReference; fileEncoding = 4; lastKnownFileType = sourcecode.c.h; path = NetworkConfig.h; sourceTree = "<group>"; };
		CECD1178222FC52500A454EC /* NetworkEngine.h */ = {isa = PBXFileReference; fileEncoding = 4; lastKnownFileType = sourcecode.c.h; path = NetworkEngine.h; sourceTree = "<group>"; };
		CED583832230B9DF004A50F8 /* NSString+JSON.h */ = {isa = PBXFileReference; lastKnownFileType = sourcecode.c.h; path = "NSString+JSON.h"; sourceTree = "<group>"; };
		CED583842230B9DF004A50F8 /* NSString+JSON.m */ = {isa = PBXFileReference; lastKnownFileType = sourcecode.c.objc; path = "NSString+JSON.m"; sourceTree = "<group>"; };
		CED583862230BCD7004A50F8 /* NSDictionary+LogProperty.h */ = {isa = PBXFileReference; lastKnownFileType = sourcecode.c.h; path = "NSDictionary+LogProperty.h"; sourceTree = "<group>"; };
		CED583872230BCD7004A50F8 /* NSDictionary+LogProperty.m */ = {isa = PBXFileReference; lastKnownFileType = sourcecode.c.objc; path = "NSDictionary+LogProperty.m"; sourceTree = "<group>"; };
		CED5838A2230C7E1004A50F8 /* LogProperty.plist */ = {isa = PBXFileReference; lastKnownFileType = text.plist.xml; path = LogProperty.plist; sourceTree = "<group>"; };
		CED5838C2230C802004A50F8 /* JsonChangePlist */ = {isa = PBXFileReference; lastKnownFileType = text; path = JsonChangePlist; sourceTree = "<group>"; };
		FDA6306EA2EE420C1BF49168 /* Pods-SkRequestNetwork.release.xcconfig */ = {isa = PBXFileReference; includeInIndex = 1; lastKnownFileType = text.xcconfig; name = "Pods-SkRequestNetwork.release.xcconfig"; path = "Target Support Files/Pods-SkRequestNetwork/Pods-SkRequestNetwork.release.xcconfig"; sourceTree = "<group>"; };
/* End PBXFileReference section */

/* Begin PBXFrameworksBuildPhase section */
		CECD110F222FC51600A454EC /* Frameworks */ = {
			isa = PBXFrameworksBuildPhase;
			buildActionMask = 2147483647;
			files = (
				8D99B4B9837206A97B5B2E9A /* libPods-SkRequestNetwork.a in Frameworks */,
			);
			runOnlyForDeploymentPostprocessing = 0;
		};
		CECD1127222FC51900A454EC /* Frameworks */ = {
			isa = PBXFrameworksBuildPhase;
			buildActionMask = 2147483647;
			files = (
			);
			runOnlyForDeploymentPostprocessing = 0;
		};
/* End PBXFrameworksBuildPhase section */

/* Begin PBXGroup section */
		653CB9F5864D769DE66B2F93 /* Pods */ = {
			isa = PBXGroup;
			children = (
				1B86F5A0806595DF09CC13E2 /* Pods-SkRequestNetwork.debug.xcconfig */,
				FDA6306EA2EE420C1BF49168 /* Pods-SkRequestNetwork.release.xcconfig */,
			);
			path = Pods;
			sourceTree = "<group>";
		};
		CECD1109222FC51600A454EC = {
			isa = PBXGroup;
			children = (
				CECD1114222FC51600A454EC /* SkRequestNetwork */,
				CECD112D222FC51900A454EC /* SkRequestNetworkTests */,
				CECD1113222FC51600A454EC /* Products */,
				653CB9F5864D769DE66B2F93 /* Pods */,
				E4959D3A0AA9B1272811069C /* Frameworks */,
			);
			sourceTree = "<group>";
		};
		CECD1113222FC51600A454EC /* Products */ = {
			isa = PBXGroup;
			children = (
				CECD1112222FC51600A454EC /* SkRequestNetwork.app */,
				CECD112A222FC51900A454EC /* SkRequestNetworkTests.xctest */,
			);
			name = Products;
			sourceTree = "<group>";
		};
		CECD1114222FC51600A454EC /* SkRequestNetwork */ = {
			isa = PBXGroup;
			children = (
				CECD1139222FC52400A454EC /* Network */,
				CECD1115222FC51600A454EC /* AppDelegate.h */,
				CECD1116222FC51600A454EC /* AppDelegate.m */,
				CECD1118222FC51600A454EC /* ViewController.h */,
				CECD1119222FC51600A454EC /* ViewController.m */,
				CECD111B222FC51600A454EC /* Main.storyboard */,
				CECD111E222FC51900A454EC /* Assets.xcassets */,
				CECD1120222FC51900A454EC /* LaunchScreen.storyboard */,
				CECD1123222FC51900A454EC /* Info.plist */,
				CECD1124222FC51900A454EC /* main.m */,
			);
			path = SkRequestNetwork;
			sourceTree = "<group>";
		};
		CECD112D222FC51900A454EC /* SkRequestNetworkTests */ = {
			isa = PBXGroup;
			children = (
				CECD112E222FC51900A454EC /* SkRequestNetworkTests.m */,
				CECD1130222FC51900A454EC /* Info.plist */,
			);
			path = SkRequestNetworkTests;
			sourceTree = "<group>";
		};
		CECD1139222FC52400A454EC /* Network */ = {
			isa = PBXGroup;
			children = (
				CED583892230C7AD004A50F8 /* Resource */,
				CED583822230B8F3004A50F8 /* Other */,
				CECD1176222FC52500A454EC /* SBNetworkHeader.h */,
				CECD1150222FC52500A454EC /* NetworkAction.h */,
				CECD113B222FC52400A454EC /* NetworkAction.m */,
				CECD1177222FC52500A454EC /* NetworkConfig.h */,
				CECD113D222FC52400A454EC /* NetworkConfig.m */,
				CECD1178222FC52500A454EC /* NetworkEngine.h */,
				CECD113E222FC52400A454EC /* NetworkEngine.m */,
				CECD1151222FC52500A454EC /* NetworkResponseSerializer.h */,
				CECD113A222FC52400A454EC /* NetworkResponseSerializer.m */,
				CECD113C222FC52400A454EC /* NetworkSessionManager.h */,
				CECD114F222FC52500A454EC /* NetworkSessionManager.m */,
				CECD114A222FC52400A454EC /* NetworkTool */,
			);
			path = Network;
			sourceTree = "<group>";
		};
		CECD114A222FC52400A454EC /* NetworkTool */ = {
			isa = PBXGroup;
			children = (
				CECD114E222FC52500A454EC /* NetworkAction+RequestCancel.h */,
				CECD114C222FC52500A454EC /* NetworkAction+RequestCancel.m */,
				CECD114B222FC52400A454EC /* NSURLSessionTask+AddURLProperty.h */,
				CECD114D222FC52500A454EC /* NSURLSessionTask+AddURLProperty.m */,
			);
			path = NetworkTool;
			sourceTree = "<group>";
		};
		CED583822230B8F3004A50F8 /* Other */ = {
			isa = PBXGroup;
			children = (
				CED583832230B9DF004A50F8 /* NSString+JSON.h */,
				CED583842230B9DF004A50F8 /* NSString+JSON.m */,
				CED583862230BCD7004A50F8 /* NSDictionary+LogProperty.h */,
				CED583872230BCD7004A50F8 /* NSDictionary+LogProperty.m */,
			);
			path = Other;
			sourceTree = "<group>";
		};
		CED583892230C7AD004A50F8 /* Resource */ = {
			isa = PBXGroup;
			children = (
				CED5838A2230C7E1004A50F8 /* LogProperty.plist */,
				CED5838C2230C802004A50F8 /* JsonChangePlist */,
			);
			path = Resource;
			sourceTree = "<group>";
		};
		E4959D3A0AA9B1272811069C /* Frameworks */ = {
			isa = PBXGroup;
			children = (
				59B2EBC765EAC5E6508344C2 /* libPods-SkRequestNetwork.a */,
			);
			name = Frameworks;
			sourceTree = "<group>";
		};
/* End PBXGroup section */

/* Begin PBXNativeTarget section */
		CECD1111222FC51600A454EC /* SkRequestNetwork */ = {
			isa = PBXNativeTarget;
			buildConfigurationList = CECD1133222FC51900A454EC /* Build configuration list for PBXNativeTarget "SkRequestNetwork" */;
			buildPhases = (
				A088A271B4DABAAD76CD3D20 /* [CP] Check Pods Manifest.lock */,
				CECD110E222FC51600A454EC /* Sources */,
				CECD110F222FC51600A454EC /* Frameworks */,
				CECD1110222FC51600A454EC /* Resources */,
				272EF5C82A018F1A901D67CA /* [CP] Copy Pods Resources */,
			);
			buildRules = (
			);
			dependencies = (
			);
			name = SkRequestNetwork;
			productName = SkRequestNetwork;
			productReference = CECD1112222FC51600A454EC /* SkRequestNetwork.app */;
			productType = "com.apple.product-type.application";
		};
		CECD1129222FC51900A454EC /* SkRequestNetworkTests */ = {
			isa = PBXNativeTarget;
			buildConfigurationList = CECD1136222FC51900A454EC /* Build configuration list for PBXNativeTarget "SkRequestNetworkTests" */;
			buildPhases = (
				CECD1126222FC51900A454EC /* Sources */,
				CECD1127222FC51900A454EC /* Frameworks */,
				CECD1128222FC51900A454EC /* Resources */,
			);
			buildRules = (
			);
			dependencies = (
				CECD112C222FC51900A454EC /* PBXTargetDependency */,
			);
			name = SkRequestNetworkTests;
			productName = SkRequestNetworkTests;
			productReference = CECD112A222FC51900A454EC /* SkRequestNetworkTests.xctest */;
			productType = "com.apple.product-type.bundle.unit-test";
		};
/* End PBXNativeTarget section */

/* Begin PBXProject section */
		CECD110A222FC51600A454EC /* Project object */ = {
			isa = PBXProject;
			attributes = {
				LastUpgradeCheck = 1010;
				ORGANIZATIONNAME = "烧烤有点辣";
				TargetAttributes = {
					CECD1111222FC51600A454EC = {
						CreatedOnToolsVersion = 10.1;
					};
					CECD1129222FC51900A454EC = {
						CreatedOnToolsVersion = 10.1;
						TestTargetID = CECD1111222FC51600A454EC;
					};
				};
			};
			buildConfigurationList = CECD110D222FC51600A454EC /* Build configuration list for PBXProject "SkRequestNetwork" */;
			compatibilityVersion = "Xcode 9.3";
			developmentRegion = en;
			hasScannedForEncodings = 0;
			knownRegions = (
				en,
				Base,
			);
			mainGroup = CECD1109222FC51600A454EC;
			productRefGroup = CECD1113222FC51600A454EC /* Products */;
			projectDirPath = "";
			projectRoot = "";
			targets = (
				CECD1111222FC51600A454EC /* SkRequestNetwork */,
				CECD1129222FC51900A454EC /* SkRequestNetworkTests */,
			);
		};
/* End PBXProject section */

/* Begin PBXResourcesBuildPhase section */
		CECD1110222FC51600A454EC /* Resources */ = {
			isa = PBXResourcesBuildPhase;
			buildActionMask = 2147483647;
			files = (
				CECD1122222FC51900A454EC /* LaunchScreen.storyboard in Resources */,
				CECD111F222FC51900A454EC /* Assets.xcassets in Resources */,
				CED5838B2230C7E1004A50F8 /* LogProperty.plist in Resources */,
				CED5838D2230C802004A50F8 /* JsonChangePlist in Resources */,
				CECD111D222FC51600A454EC /* Main.storyboard in Resources */,
			);
			runOnlyForDeploymentPostprocessing = 0;
		};
		CECD1128222FC51900A454EC /* Resources */ = {
			isa = PBXResourcesBuildPhase;
			buildActionMask = 2147483647;
			files = (
			);
			runOnlyForDeploymentPostprocessing = 0;
		};
/* End PBXResourcesBuildPhase section */

/* Begin PBXShellScriptBuildPhase section */
		272EF5C82A018F1A901D67CA /* [CP] Copy Pods Resources */ = {
			isa = PBXShellScriptBuildPhase;
			buildActionMask = 2147483647;
			files = (
			);
			inputFileListPaths = (
			);
			inputPaths = (
				"${PODS_ROOT}/Target Support Files/Pods-SkRequestNetwork/Pods-SkRequestNetwork-resources.sh",
				"${PODS_ROOT}/SVProgressHUD/SVProgressHUD/SVProgressHUD.bundle",
			);
			name = "[CP] Copy Pods Resources";
			outputFileListPaths = (
			);
			outputPaths = (
				"${TARGET_BUILD_DIR}/${UNLOCALIZED_RESOURCES_FOLDER_PATH}/SVProgressHUD.bundle",
			);
			runOnlyForDeploymentPostprocessing = 0;
			shellPath = /bin/sh;
			shellScript = "\"${PODS_ROOT}/Target Support Files/Pods-SkRequestNetwork/Pods-SkRequestNetwork-resources.sh\"\n";
			showEnvVarsInLog = 0;
		};
		A088A271B4DABAAD76CD3D20 /* [CP] Check Pods Manifest.lock */ = {
			isa = PBXShellScriptBuildPhase;
			buildActionMask = 2147483647;
			files = (
			);
			inputFileListPaths = (
			);
			inputPaths = (
				"${PODS_PODFILE_DIR_PATH}/Podfile.lock",
				"${PODS_ROOT}/Manifest.lock",
			);
			name = "[CP] Check Pods Manifest.lock";
			outputFileListPaths = (
			);
			outputPaths = (
				"$(DERIVED_FILE_DIR)/Pods-SkRequestNetwork-checkManifestLockResult.txt",
			);
			runOnlyForDeploymentPostprocessing = 0;
			shellPath = /bin/sh;
			shellScript = "diff \"${PODS_PODFILE_DIR_PATH}/Podfile.lock\" \"${PODS_ROOT}/Manifest.lock\" > /dev/null\nif [ $? != 0 ] ; then\n    # print error to STDERR\n    echo \"error: The sandbox is not in sync with the Podfile.lock. Run 'pod install' or update your CocoaPods installation.\" >&2\n    exit 1\nfi\n# This output is used by Xcode 'outputs' to avoid re-running this script phase.\necho \"SUCCESS\" > \"${SCRIPT_OUTPUT_FILE_0}\"\n";
			showEnvVarsInLog = 0;
		};
/* End PBXShellScriptBuildPhase section */

/* Begin PBXSourcesBuildPhase section */
		CECD110E222FC51600A454EC /* Sources */ = {
			isa = PBXSourcesBuildPhase;
			buildActionMask = 2147483647;
			files = (
				CECD117C222FC52500A454EC /* NetworkEngine.m in Sources */,
				CECD111A222FC51600A454EC /* ViewController.m in Sources */,
				CED583882230BCD7004A50F8 /* NSDictionary+LogProperty.m in Sources */,
				CECD1179222FC52500A454EC /* NetworkResponseSerializer.m in Sources */,
				CED583852230B9DF004A50F8 /* NSString+JSON.m in Sources */,
				CECD1183222FC52500A454EC /* NSURLSessionTask+AddURLProperty.m in Sources */,
				CECD1125222FC51900A454EC /* main.m in Sources */,
				CECD1117222FC51600A454EC /* AppDelegate.m in Sources */,
				CECD1184222FC52500A454EC /* NetworkSessionManager.m in Sources */,
				CECD117B222FC52500A454EC /* NetworkConfig.m in Sources */,
				CECD1182222FC52500A454EC /* NetworkAction+RequestCancel.m in Sources */,
				CECD117A222FC52500A454EC /* NetworkAction.m in Sources */,
			);
			runOnlyForDeploymentPostprocessing = 0;
		};
		CECD1126222FC51900A454EC /* Sources */ = {
			isa = PBXSourcesBuildPhase;
			buildActionMask = 2147483647;
			files = (
				CECD112F222FC51900A454EC /* SkRequestNetworkTests.m in Sources */,
			);
			runOnlyForDeploymentPostprocessing = 0;
		};
/* End PBXSourcesBuildPhase section */

/* Begin PBXTargetDependency section */
		CECD112C222FC51900A454EC /* PBXTargetDependency */ = {
			isa = PBXTargetDependency;
			target = CECD1111222FC51600A454EC /* SkRequestNetwork */;
			targetProxy = CECD112B222FC51900A454EC /* PBXContainerItemProxy */;
		};
/* End PBXTargetDependency section */

/* Begin PBXVariantGroup section */
		CECD111B222FC51600A454EC /* Main.storyboard */ = {
			isa = PBXVariantGroup;
			children = (
				CECD111C222FC51600A454EC /* Base */,
			);
			name = Main.storyboard;
			sourceTree = "<group>";
		};
		CECD1120222FC51900A454EC /* LaunchScreen.storyboard */ = {
			isa = PBXVariantGroup;
			children = (
				CECD1121222FC51900A454EC /* Base */,
			);
			name = LaunchScreen.storyboard;
			sourceTree = "<group>";
		};
/* End PBXVariantGroup section */

/* Begin XCBuildConfiguration section */
		CECD1131222FC51900A454EC /* Debug */ = {
			isa = XCBuildConfiguration;
			buildSettings = {
				ALWAYS_SEARCH_USER_PATHS = NO;
				CLANG_ANALYZER_NONNULL = YES;
				CLANG_ANALYZER_NUMBER_OBJECT_CONVERSION = YES_AGGRESSIVE;
				CLANG_CXX_LANGUAGE_STANDARD = "gnu++14";
				CLANG_CXX_LIBRARY = "libc++";
				CLANG_ENABLE_MODULES = YES;
				CLANG_ENABLE_OBJC_ARC = YES;
				CLANG_ENABLE_OBJC_WEAK = YES;
				CLANG_WARN_BLOCK_CAPTURE_AUTORELEASING = YES;
				CLANG_WARN_BOOL_CONVERSION = YES;
				CLANG_WARN_COMMA = YES;
				CLANG_WARN_CONSTANT_CONVERSION = YES;
				CLANG_WARN_DEPRECATED_OBJC_IMPLEMENTATIONS = YES;
				CLANG_WARN_DIRECT_OBJC_ISA_USAGE = YES_ERROR;
				CLANG_WARN_DOCUMENTATION_COMMENTS = YES;
				CLANG_WARN_EMPTY_BODY = YES;
				CLANG_WARN_ENUM_CONVERSION = YES;
				CLANG_WARN_INFINITE_RECURSION = YES;
				CLANG_WARN_INT_CONVERSION = YES;
				CLANG_WARN_NON_LITERAL_NULL_CONVERSION = YES;
				CLANG_WARN_OBJC_IMPLICIT_RETAIN_SELF = YES;
				CLANG_WARN_OBJC_LITERAL_CONVERSION = YES;
				CLANG_WARN_OBJC_ROOT_CLASS = YES_ERROR;
				CLANG_WARN_RANGE_LOOP_ANALYSIS = YES;
				CLANG_WARN_STRICT_PROTOTYPES = YES;
				CLANG_WARN_SUSPICIOUS_MOVE = YES;
				CLANG_WARN_UNGUARDED_AVAILABILITY = YES_AGGRESSIVE;
				CLANG_WARN_UNREACHABLE_CODE = YES;
				CLANG_WARN__DUPLICATE_METHOD_MATCH = YES;
				CODE_SIGN_IDENTITY = "iPhone Developer";
				COPY_PHASE_STRIP = NO;
				DEBUG_INFORMATION_FORMAT = dwarf;
				ENABLE_STRICT_OBJC_MSGSEND = YES;
				ENABLE_TESTABILITY = YES;
				GCC_C_LANGUAGE_STANDARD = gnu11;
				GCC_DYNAMIC_NO_PIC = NO;
				GCC_NO_COMMON_BLOCKS = YES;
				GCC_OPTIMIZATION_LEVEL = 0;
				GCC_PREPROCESSOR_DEFINITIONS = (
					"DEBUG=1",
					"$(inherited)",
				);
				GCC_WARN_64_TO_32_BIT_CONVERSION = YES;
				GCC_WARN_ABOUT_RETURN_TYPE = YES_ERROR;
				GCC_WARN_UNDECLARED_SELECTOR = YES;
				GCC_WARN_UNINITIALIZED_AUTOS = YES_AGGRESSIVE;
				GCC_WARN_UNUSED_FUNCTION = YES;
				GCC_WARN_UNUSED_VARIABLE = YES;
				IPHONEOS_DEPLOYMENT_TARGET = 12.1;
				MTL_ENABLE_DEBUG_INFO = INCLUDE_SOURCE;
				MTL_FAST_MATH = YES;
				ONLY_ACTIVE_ARCH = YES;
				SDKROOT = iphoneos;
			};
			name = Debug;
		};
		CECD1132222FC51900A454EC /* Release */ = {
			isa = XCBuildConfiguration;
			buildSettings = {
				ALWAYS_SEARCH_USER_PATHS = NO;
				CLANG_ANALYZER_NONNULL = YES;
				CLANG_ANALYZER_NUMBER_OBJECT_CONVERSION = YES_AGGRESSIVE;
				CLANG_CXX_LANGUAGE_STANDARD = "gnu++14";
				CLANG_CXX_LIBRARY = "libc++";
				CLANG_ENABLE_MODULES = YES;
				CLANG_ENABLE_OBJC_ARC = YES;
				CLANG_ENABLE_OBJC_WEAK = YES;
				CLANG_WARN_BLOCK_CAPTURE_AUTORELEASING = YES;
				CLANG_WARN_BOOL_CONVERSION = YES;
				CLANG_WARN_COMMA = YES;
				CLANG_WARN_CONSTANT_CONVERSION = YES;
				CLANG_WARN_DEPRECATED_OBJC_IMPLEMENTATIONS = YES;
				CLANG_WARN_DIRECT_OBJC_ISA_USAGE = YES_ERROR;
				CLANG_WARN_DOCUMENTATION_COMMENTS = YES;
				CLANG_WARN_EMPTY_BODY = YES;
				CLANG_WARN_ENUM_CONVERSION = YES;
				CLANG_WARN_INFINITE_RECURSION = YES;
				CLANG_WARN_INT_CONVERSION = YES;
				CLANG_WARN_NON_LITERAL_NULL_CONVERSION = YES;
				CLANG_WARN_OBJC_IMPLICIT_RETAIN_SELF = YES;
				CLANG_WARN_OBJC_LITERAL_CONVERSION = YES;
				CLANG_WARN_OBJC_ROOT_CLASS = YES_ERROR;
				CLANG_WARN_RANGE_LOOP_ANALYSIS = YES;
				CLANG_WARN_STRICT_PROTOTYPES = YES;
				CLANG_WARN_SUSPICIOUS_MOVE = YES;
				CLANG_WARN_UNGUARDED_AVAILABILITY = YES_AGGRESSIVE;
				CLANG_WARN_UNREACHABLE_CODE = YES;
				CLANG_WARN__DUPLICATE_METHOD_MATCH = YES;
				CODE_SIGN_IDENTITY = "iPhone Developer";
				COPY_PHASE_STRIP = NO;
				DEBUG_INFORMATION_FORMAT = "dwarf-with-dsym";
				ENABLE_NS_ASSERTIONS = NO;
				ENABLE_STRICT_OBJC_MSGSEND = YES;
				GCC_C_LANGUAGE_STANDARD = gnu11;
				GCC_NO_COMMON_BLOCKS = YES;
				GCC_WARN_64_TO_32_BIT_CONVERSION = YES;
				GCC_WARN_ABOUT_RETURN_TYPE = YES_ERROR;
				GCC_WARN_UNDECLARED_SELECTOR = YES;
				GCC_WARN_UNINITIALIZED_AUTOS = YES_AGGRESSIVE;
				GCC_WARN_UNUSED_FUNCTION = YES;
				GCC_WARN_UNUSED_VARIABLE = YES;
				IPHONEOS_DEPLOYMENT_TARGET = 12.1;
				MTL_ENABLE_DEBUG_INFO = NO;
				MTL_FAST_MATH = YES;
				SDKROOT = iphoneos;
				VALIDATE_PRODUCT = YES;
			};
			name = Release;
		};
		CECD1134222FC51900A454EC /* Debug */ = {
			isa = XCBuildConfiguration;
			baseConfigurationReference = 1B86F5A0806595DF09CC13E2 /* Pods-SkRequestNetwork.debug.xcconfig */;
			buildSettings = {
				ASSETCATALOG_COMPILER_APPICON_NAME = AppIcon;
				CODE_SIGN_STYLE = Automatic;
				DEVELOPMENT_TEAM = 3NPP25U68Y;
				INFOPLIST_FILE = SkRequestNetwork/Info.plist;
				LD_RUNPATH_SEARCH_PATHS = (
					"$(inherited)",
					"@executable_path/Frameworks",
				);
				PRODUCT_BUNDLE_IDENTIFIER = com.Sunflower.SkRequestNetwork;
				PRODUCT_NAME = "$(TARGET_NAME)";
				TARGETED_DEVICE_FAMILY = "1,2";
			};
			name = Debug;
		};
		CECD1135222FC51900A454EC /* Release */ = {
			isa = XCBuildConfiguration;
			baseConfigurationReference = FDA6306EA2EE420C1BF49168 /* Pods-SkRequestNetwork.release.xcconfig */;
			buildSettings = {
				ASSETCATALOG_COMPILER_APPICON_NAME = AppIcon;
				CODE_SIGN_STYLE = Automatic;
				DEVELOPMENT_TEAM = 3NPP25U68Y;
				INFOPLIST_FILE = SkRequestNetwork/Info.plist;
				LD_RUNPATH_SEARCH_PATHS = (
					"$(inherited)",
					"@executable_path/Frameworks",
				);
				PRODUCT_BUNDLE_IDENTIFIER = com.Sunflower.SkRequestNetwork;
				PRODUCT_NAME = "$(TARGET_NAME)";
				TARGETED_DEVICE_FAMILY = "1,2";
			};
			name = Release;
		};
		CECD1137222FC51900A454EC /* Debug */ = {
			isa = XCBuildConfiguration;
			buildSettings = {
				BUNDLE_LOADER = "$(TEST_HOST)";
				CODE_SIGN_STYLE = Automatic;
				DEVELOPMENT_TEAM = 3NPP25U68Y;
				INFOPLIST_FILE = SkRequestNetworkTests/Info.plist;
				LD_RUNPATH_SEARCH_PATHS = (
					"$(inherited)",
					"@executable_path/Frameworks",
					"@loader_path/Frameworks",
				);
				PRODUCT_BUNDLE_IDENTIFIER = com.Sunflower.SkRequestNetworkTests;
				PRODUCT_NAME = "$(TARGET_NAME)";
				TARGETED_DEVICE_FAMILY = "1,2";
				TEST_HOST = "$(BUILT_PRODUCTS_DIR)/SkRequestNetwork.app/SkRequestNetwork";
			};
			name = Debug;
		};
		CECD1138222FC51900A454EC /* Release */ = {
			isa = XCBuildConfiguration;
			buildSettings = {
				BUNDLE_LOADER = "$(TEST_HOST)";
				CODE_SIGN_STYLE = Automatic;
				DEVELOPMENT_TEAM = 3NPP25U68Y;
				INFOPLIST_FILE = SkRequestNetworkTests/Info.plist;
				LD_RUNPATH_SEARCH_PATHS = (
					"$(inherited)",
					"@executable_path/Frameworks",
					"@loader_path/Frameworks",
				);
				PRODUCT_BUNDLE_IDENTIFIER = com.Sunflower.SkRequestNetworkTests;
				PRODUCT_NAME = "$(TARGET_NAME)";
				TARGETED_DEVICE_FAMILY = "1,2";
				TEST_HOST = "$(BUILT_PRODUCTS_DIR)/SkRequestNetwork.app/SkRequestNetwork";
			};
			name = Release;
		};
/* End XCBuildConfiguration section */

/* Begin XCConfigurationList section */
		CECD110D222FC51600A454EC /* Build configuration list for PBXProject "SkRequestNetwork" */ = {
			isa = XCConfigurationList;
			buildConfigurations = (
				CECD1131222FC51900A454EC /* Debug */,
				CECD1132222FC51900A454EC /* Release */,
			);
			defaultConfigurationIsVisible = 0;
			defaultConfigurationName = Release;
		};
		CECD1133222FC51900A454EC /* Build configuration list for PBXNativeTarget "SkRequestNetwork" */ = {
			isa = XCConfigurationList;
			buildConfigurations = (
				CECD1134222FC51900A454EC /* Debug */,
				CECD1135222FC51900A454EC /* Release */,
			);
			defaultConfigurationIsVisible = 0;
			defaultConfigurationName = Release;
		};
		CECD1136222FC51900A454EC /* Build configuration list for PBXNativeTarget "SkRequestNetworkTests" */ = {
			isa = XCConfigurationList;
			buildConfigurations = (
				CECD1137222FC51900A454EC /* Debug */,
				CECD1138222FC51900A454EC /* Release */,
			);
			defaultConfigurationIsVisible = 0;
			defaultConfigurationName = Release;
		};
/* End XCConfigurationList section */
	};
	rootObject = CECD110A222FC51600A454EC /* Project object */;
}
